{
  "name": "@mfittko/tabularasa",
  "version": "0.2.0",
  "lockfileVersion": 3,
  "requires": true,
  "packages": {
    "": {
      "name": "@mfittko/tabularasa",
      "version": "0.2.0",
      "license": "MIT",
      "os": [
        "darwin"
      ],
      "bin": {
        "tabularasa": "bin/tabularasa.js"
      },
      "engines": {
        "node": ">=22.13"
      }
    }
  }
}
